{
  "name": "note-sample",
  "version": "0.1.0",
  "lockfileVersion": 1,
  "requires": true,
  "dependencies": {
    "@types/react": {
      "version": "15.6.23",
      "resolved": "https://registry.npmjs.org/@types/react/-/react-15.6.23.tgz",
      "integrity": "sha512-dghpakpAX5ZGHKgtzDg47/7ZEtQHXDSNP+x1yKrQ8EKuMLHmJgp6DBmKYx3cdtF5LOouEkTI78NMlRbANGUNeA=="
    },
    "@types/react-dom": {
      "version": "0.14.23",
      "resolved": "https://registry.npmjs.org/@types/react-dom/-/react-dom-0.14.23.tgz",
      "integrity": "sha1-zs/PrXVLTCdl/l0puBswGImtbC4=",
      "requires": {
        "@types/react": "15.6.23"
      }
    },
    "classnames": {
      "version": "2.2.6",
      "resolved": "https://registry.npmjs.org/classnames/-/classnames-2.2.6.tgz",
      "integrity": "sha512-JR/iSQOSt+LQIWwrwEzJ9uk0xfN3mTVYMwt1Ir5mUcSN6pU+V4zQFFaJsclJbPuAUQH+yfWef6tm7l1quW3C8Q=="
    },
    "js-tokens": {
      "version": "4.0.0",
      "resolved": "https://registry.npmjs.org/js-tokens/-/js-tokens-4.0.0.tgz",
      "integrity": "sha512-RdJUflcE3cUzKiMqQgsCu06FPu9UdIJO0beYbPhHN4k6apgJtifcoCtT9bcxOpYBtpD2kCM6Sbzg4CausW/PKQ=="
    },
    "loose-envify": {
      "version": "1.4.0",
      "resolved": "https://registry.npmjs.org/loose-envify/-/loose-envify-1.4.0.tgz",
      "integrity": "sha512-lyuxPGr/Wfhrlem2CL/UcnUc1zcqKAImBDzukY7Y5F/yQiNdko6+fRLevlw1HgMySw7f611UIY408EtxRSoK3Q==",
      "requires": {
        "js-tokens": "4.0.0"
      }
    },
    "object-assign": {
      "version": "4.1.1",
      "resolved": "https://registry.npmjs.org/object-assign/-/object-assign-4.1.1.tgz",
      "integrity": "sha1-IQmtx5ZYh8/AXLvUQsrIv7s2CGM="
    },
    "prop-types": {
      "version": "15.7.2",
      "resolved": "https://registry.npmjs.org/prop-types/-/prop-types-15.7.2.tgz",
      "integrity": "sha512-8QQikdH7//R2vurIJSutZ1smHYTcLpRWEOlHnzcWHmBYrOGUysKwSsrC89BCiFj3CbrfJ/nXFdJepOVrY1GCHQ==",
      "requires": {
        "loose-envify": "1.4.0",
        "object-assign": "4.1.1",
        "react-is": "16.8.6"
      }
    },
    "re-resizable": {
      "version": "4.11.0",
      "resolved": "https://registry.npmjs.org/re-resizable/-/re-resizable-4.11.0.tgz",
      "integrity": "sha512-dye+7rERqNf/6mDT1iwps+4Gf42420xuZgygF33uX178DxffqcyeuHbBuJ382FIcB5iP6mMZOhfW7kI0uXwb/Q=="
    },
    "react-draggable": {
      "version": "3.1.1",
      "resolved": "https://registry.npmjs.org/react-draggable/-/react-draggable-3.1.1.tgz",
      "integrity": "sha512-tqIgDUm4XPSFbxelYpcsnayPU79P26ChnszDl5/RDFKfMuHnRxypS+OFfEyAEO1CtqaB3lrecQ2dyNIE2G0TlQ==",
      "requires": {
        "classnames": "2.2.6",
        "prop-types": "15.7.2"
      }
    },
    "react-image-viewer-zoom": {
      "version": "1.0.36",
      "resolved": "https://registry.npmjs.org/react-image-viewer-zoom/-/react-image-viewer-zoom-1.0.36.tgz",
      "integrity": "sha1-LfFbZgSMkdjYXgIQfsa6d7b8THk=",
      "requires": {
        "@types/react": "15.6.23",
        "@types/react-dom": "0.14.23",
        "typescript": "2.9.2"
      }
    },
    "react-is": {
      "version": "16.8.6",
      "resolved": "https://registry.npmjs.org/react-is/-/react-is-16.8.6.tgz",
      "integrity": "sha512-aUk3bHfZ2bRSVFFbbeVS4i+lNPZr3/WM5jT2J5omUVV1zzcs1nAaf3l51ctA5FFvCRbhrH0bdAsRRQddFJZPtA=="
    },
    "react-rnd": {
      "version": "9.1.2",
      "resolved": "https://registry.npmjs.org/react-rnd/-/react-rnd-9.1.2.tgz",
      "integrity": "sha512-XmJVy/xjbSttpKZynnB1WM3woWhDjb719iOIRRvPkEf61Trw4DBJS38VHxIsBClNX6JXCbZFi6yUXC1SxKIkDQ==",
      "requires": {
        "re-resizable": "4.11.0",
        "react-draggable": "3.1.1",
        "tslib": "1.9.3"
      }
    },
    "tslib": {
      "version": "1.9.3",
      "resolved": "https://registry.npmjs.org/tslib/-/tslib-1.9.3.tgz",
      "integrity": "sha512-4krF8scpejhaOgqzBEcGM7yDIEfi0/8+8zDRZhNZZ2kjmHJ4hv3zCbQWxoJGz1iw5U0Jl0nma13xzHXcncMavQ=="
    },
    "typescript": {
      "version": "2.9.2",
      "resolved": "https://registry.npmjs.org/typescript/-/typescript-2.9.2.tgz",
      "integrity": "sha512-Gr4p6nFNaoufRIY4NMdpQRNmgxVIGMs4Fcu/ujdYk3nAZqk7supzBE9idmvfZIlH/Cuj//dvi+019qEue9lV0w=="
    }
  }
}
